// !$*UTF8*$!
{
	archiveVersion = 1;
	classes = {
	};
	objectVersion = 50;
	objects = {

/* Begin PBXBuildFile section */
		E407A00728C1C67600C5B136 /* AppDelegate.swift in Sources */ = {isa = PBXBuildFile; fileRef = E407A00628C1C67600C5B136 /* AppDelegate.swift */; };
		E407A00928C1C67600C5B136 /* SceneDelegate.swift in Sources */ = {isa = PBXBuildFile; fileRef = E407A00828C1C67600C5B136 /* SceneDelegate.swift */; };
		E407A00B28C1C67600C5B136 /* ViewController.swift in Sources */ = {isa = PBXBuildFile; fileRef = E407A00A28C1C67600C5B136 /* ViewController.swift */; };
		E407A00E28C1C67600C5B136 /* Main.storyboard in Resources */ = {isa = PBXBuildFile; fileRef = E407A00C28C1C67600C5B136 /* Main.storyboard */; };
		E407A01028C1C67900C5B136 /* Assets.xcassets in Resources */ = {isa = PBXBuildFile; fileRef = E407A00F28C1C67900C5B136 /* Assets.xcassets */; };
		E407A01328C1C67900C5B136 /* LaunchScreen.storyboard in Resources */ = {isa = PBXBuildFile; fileRef = E407A01128C1C67900C5B136 /* LaunchScreen.storyboard */; };
		E407A01E28C1C67900C5B136 /* GitInfoTests.swift in Sources */ = {isa = PBXBuildFile; fileRef = E407A01D28C1C67900C5B136 /* GitInfoTests.swift */; };
		E407A02928C1C67900C5B136 /* GitInfoUITests.swift in Sources */ = {isa = PBXBuildFile; fileRef = E407A02828C1C67900C5B136 /* GitInfoUITests.swift */; };
/* End PBXBuildFile section */

/* Begin PBXContainerItemProxy section */
		E407A01A28C1C67900C5B136 /* PBXContainerItemProxy */ = {
			isa = PBXContainerItemProxy;
			containerPortal = E4079FFB28C1C67600C5B136 /* Project object */;
			proxyType = 1;
			remoteGlobalIDString = E407A00228C1C67600C5B136;
			remoteInfo = GitInfo;
		};
		E407A02528C1C67900C5B136 /* PBXContainerItemProxy */ = {
			isa = PBXContainerItemProxy;
			containerPortal = E4079FFB28C1C67600C5B136 /* Project object */;
			proxyType = 1;
			remoteGlobalIDString = E407A00228C1C67600C5B136;
			remoteInfo = GitInfo;
		};
/* End PBXContainerItemProxy section */

/* Begin PBXFileReference section */
		E407A00328C1C67600C5B136 /* GitInfo.app */ = {isa = PBXFileReference; explicitFileType = wrapper.application; includeInIndex = 0; path = GitInfo.app; sourceTree = BUILT_PRODUCTS_DIR; };
		E407A00628C1C67600C5B136 /* AppDelegate.swift */ = {isa = PBXFileReference; lastKnownFileType = sourcecode.swift; path = AppDelegate.swift; sourceTree = "<group>"; };
		E407A00828C1C67600C5B136 /* SceneDelegate.swift */ = {isa = PBXFileReference; lastKnownFileType = sourcecode.swift; path = SceneDelegate.swift; sourceTree = "<group>"; };
		E407A00A28C1C67600C5B136 /* ViewController.swift */ = {isa = PBXFileReference; lastKnownFileType = sourcecode.swift; path = ViewController.swift; sourceTree = "<group>"; };
		E407A00D28C1C67600C5B136 /* Base */ = {isa = PBXFileReference; lastKnownFileType = file.storyboard; name = Base; path = Base.lproj/Main.storyboard; sourceTree = "<group>"; };
		E407A00F28C1C67900C5B136 /* Assets.xcassets */ = {isa = PBXFileReference; lastKnownFileType = folder.assetcatalog; path = Assets.xcassets; sourceTree = "<group>"; };
		E407A01228C1C67900C5B136 /* Base */ = {isa = PBXFileReference; lastKnownFileType = file.storyboard; name = Base; path = Base.lproj/LaunchScreen.storyboard; sourceTree = "<group>"; };
		E407A01428C1C67900C5B136 /* Info.plist */ = {isa = PBXFileReference; lastKnownFileType = text.plist.xml; path = Info.plist; sourceTree = "<group>"; };
		E407A01928C1C67900C5B136 /* GitInfoTests.xctest */ = {isa = PBXFileReference; explicitFileType = wrapper.cfbundle; includeInIndex = 0; path = GitInfoTests.xctest; sourceTree = BUILT_PRODUCTS_DIR; };
		E407A01D28C1C67900C5B136 /* GitInfoTests.swift */ = {isa = PBXFileReference; lastKnownFileType = sourcecode.swift; path = GitInfoTests.swift; sourceTree = "<group>"; };
		E407A01F28C1C67900C5B136 /* Info.plist */ = {isa = PBXFileReference; lastKnownFileType = text.plist.xml; path = Info.plist; sourceTree = "<group>"; };
		E407A02428C1C67900C5B136 /* GitInfoUITests.xctest */ = {isa = PBXFileReference; explicitFileType = wrapper.cfbundle; includeInIndex = 0; path = GitInfoUITests.xctest; sourceTree = BUILT_PRODUCTS_DIR; };
		E407A02828C1C67900C5B136 /* GitInfoUITests.swift */ = {isa = PBXFileReference; lastKnownFileType = sourcecode.swift; path = GitInfoUITests.swift; sourceTree = "<group>"; };
		E407A02A28C1C67900C5B136 /* Info.plist */ = {isa = PBXFileReference; lastKnownFileType = text.plist.xml; path = Info.plist; sourceTree = "<group>"; };
/* End PBXFileReference section */

/* Begin PBXFrameworksBuildPhase section */
		E407A00028C1C67600C5B136 /* Frameworks */ = {
			isa = PBXFrameworksBuildPhase;
			buildActionMask = 2147483647;
			files = (
			);
			runOnlyForDeploymentPostprocessing = 0;
		};
		E407A01628C1C67900C5B136 /* Frameworks */ = {
			isa = PBXFrameworksBuildPhase;
			buildActionMask = 2147483647;
			files = (
			);
			runOnlyForDeploymentPostprocessing = 0;
		};
		E407A02128C1C67900C5B136 /* Frameworks */ = {
			isa = PBXFrameworksBuildPhase;
			buildActionMask = 2147483647;
			files = (
			);
			runOnlyForDeploymentPostprocessing = 0;
		};
/* End PBXFrameworksBuildPhase section */

/* Begin PBXGroup section */
		E4079FFA28C1C67600C5B136 = {
			isa = PBXGroup;
			children = (
				E407A00528C1C67600C5B136 /* GitInfo */,
				E407A01C28C1C67900C5B136 /* GitInfoTests */,
				E407A02728C1C67900C5B136 /* GitInfoUITests */,
				E407A00428C1C67600C5B136 /* Products */,
			);
			sourceTree = "<group>";
		};
		E407A00428C1C67600C5B136 /* Products */ = {
			isa = PBXGroup;
			children = (
				E407A00328C1C67600C5B136 /* GitInfo.app */,
				E407A01928C1C67900C5B136 /* GitInfoTests.xctest */,
				E407A02428C1C67900C5B136 /* GitInfoUITests.xctest */,
			);
			name = Products;
			sourceTree = "<group>";
		};
		E407A00528C1C67600C5B136 /* GitInfo */ = {
			isa = PBXGroup;
			children = (
				E407A00628C1C67600C5B136 /* AppDelegate.swift */,
				E407A00828C1C67600C5B136 /* SceneDelegate.swift */,
				E407A00A28C1C67600C5B136 /* ViewController.swift */,
				E407A00C28C1C67600C5B136 /* Main.storyboard */,
				E407A00F28C1C67900C5B136 /* Assets.xcassets */,
				E407A01128C1C67900C5B136 /* LaunchScreen.storyboard */,
				E407A01428C1C67900C5B136 /* Info.plist */,
			);
			path = GitInfo;
			sourceTree = "<group>";
		};
		E407A01C28C1C67900C5B136 /* GitInfoTests */ = {
			isa = PBXGroup;
			children = (
				E407A01D28C1C67900C5B136 /* GitInfoTests.swift */,
				E407A01F28C1C67900C5B136 /* Info.plist */,
			);
			path = GitInfoTests;
			sourceTree = "<group>";
		};
		E407A02728C1C67900C5B136 /* GitInfoUITests */ = {
			isa = PBXGroup;
			children = (
				E407A02828C1C67900C5B136 /* GitInfoUITests.swift */,
				E407A02A28C1C67900C5B136 /* Info.plist */,
			);
			path = GitInfoUITests;
			sourceTree = "<group>";
		};
/* End PBXGroup section */

/* Begin PBXNativeTarget section */
		E407A00228C1C67600C5B136 /* GitInfo */ = {
			isa = PBXNativeTarget;
			buildConfigurationList = E407A02D28C1C67900C5B136 /* Build configuration list for PBXNativeTarget "GitInfo" */;
			buildPhases = (
				E4079FFF28C1C67600C5B136 /* Sources */,
				E407A00028C1C67600C5B136 /* Frameworks */,
				E407A00128C1C67600C5B136 /* Resources */,
			);
			buildRules = (
			);
			dependencies = (
			);
			name = GitInfo;
			productName = GitInfo;
			productReference = E407A00328C1C67600C5B136 /* GitInfo.app */;
			productType = "com.apple.product-type.application";
		};
		E407A01828C1C67900C5B136 /* GitInfoTests */ = {
			isa = PBXNativeTarget;
			buildConfigurationList = E407A03028C1C67900C5B136 /* Build configuration list for PBXNativeTarget "GitInfoTests" */;
			buildPhases = (
				E407A01528C1C67900C5B136 /* Sources */,
				E407A01628C1C67900C5B136 /* Frameworks */,
				E407A01728C1C67900C5B136 /* Resources */,
			);
			buildRules = (
			);
			dependencies = (
				E407A01B28C1C67900C5B136 /* PBXTargetDependency */,
			);
			name = GitInfoTests;
			productName = GitInfoTests;
			productReference = E407A01928C1C67900C5B136 /* GitInfoTests.xctest */;
			productType = "com.apple.product-type.bundle.unit-test";
		};
		E407A02328C1C67900C5B136 /* GitInfoUITests */ = {
			isa = PBXNativeTarget;
			buildConfigurationList = E407A03328C1C67900C5B136 /* Build configuration list for PBXNativeTarget "GitInfoUITests" */;
			buildPhases = (
				E407A02028C1C67900C5B136 /* Sources */,
				E407A02128C1C67900C5B136 /* Frameworks */,
				E407A02228C1C67900C5B136 /* Resources */,
			);
			buildRules = (
			);
			dependencies = (
				E407A02628C1C67900C5B136 /* PBXTargetDependency */,
			);
			name = GitInfoUITests;
			productName = GitInfoUITests;
			productReference = E407A02428C1C67900C5B136 /* GitInfoUITests.xctest */;
			productType = "com.apple.product-type.bundle.ui-testing";
		};
/* End PBXNativeTarget section */

/* Begin PBXProject section */
		E4079FFB28C1C67600C5B136 /* Project object */ = {
			isa = PBXProject;
			attributes = {
				LastSwiftUpdateCheck = 1240;
				LastUpgradeCheck = 1240;
				TargetAttributes = {
					E407A00228C1C67600C5B136 = {
						CreatedOnToolsVersion = 12.4;
					};
					E407A01828C1C67900C5B136 = {
						CreatedOnToolsVersion = 12.4;
						TestTargetID = E407A00228C1C67600C5B136;
					};
					E407A02328C1C67900C5B136 = {
						CreatedOnToolsVersion = 12.4;
						TestTargetID = E407A00228C1C67600C5B136;
					};
				};
			};
			buildConfigurationList = E4079FFE28C1C67600C5B136 /* Build configuration list for PBXProject "GitInfo" */;
			compatibilityVersion = "Xcode 9.3";
			developmentRegion = en;
			hasScannedForEncodings = 0;
			knownRegions = (
				en,
				Base,
			);
			mainGroup = E4079FFA28C1C67600C5B136;
			productRefGroup = E407A00428C1C67600C5B136 /* Products */;
			projectDirPath = "";
			projectRoot = "";
			targets = (
				E407A00228C1C67600C5B136 /* GitInfo */,
				E407A01828C1C67900C5B136 /* GitInfoTests */,
				E407A02328C1C67900C5B136 /* GitInfoUITests */,
			);
		};
/* End PBXProject section */

/* Begin PBXResourcesBuildPhase section */
		E407A00128C1C67600C5B136 /* Resources */ = {
			isa = PBXResourcesBuildPhase;
			buildActionMask = 2147483647;
			files = (
				E407A01328C1C67900C5B136 /* LaunchScreen.storyboard in Resources */,
				E407A01028C1C67900C5B136 /* Assets.xcassets in Resources */,
				E407A00E28C1C67600C5B136 /* Main.storyboard in Resources */,
			);
			runOnlyForDeploymentPostprocessing = 0;
		};
		E407A01728C1C67900C5B136 /* Resources */ = {
			isa = PBXResourcesBuildPhase;
			buildActionMask = 2147483647;
			files = (
			);
			runOnlyForDeploymentPostprocessing = 0;
		};
		E407A02228C1C67900C5B136 /* Resources */ = {
			isa = PBXResourcesBuildPhase;
			buildActionMask = 2147483647;
			files = (
			);
			runOnlyForDeploymentPostprocessing = 0;
		};
/* End PBXResourcesBuildPhase section */

/* Begin PBXSourcesBuildPhase section */
		E4079FFF28C1C67600C5B136 /* Sources */ = {
			isa = PBXSourcesBuildPhase;
			buildActionMask = 2147483647;
			files = (
				E407A00B28C1C67600C5B136 /* ViewController.swift in Sources */,
				E407A00728C1C67600C5B136 /* AppDelegate.swift in Sources */,
				E407A00928C1C67600C5B136 /* SceneDelegate.swift in Sources */,
			);
			runOnlyForDeploymentPostprocessing = 0;
		};
		E407A01528C1C67900C5B136 /* Sources */ = {
			isa = PBXSourcesBuildPhase;
			buildActionMask = 2147483647;
			files = (
				E407A01E28C1C67900C5B136 /* GitInfoTests.swift in Sources */,
			);
			runOnlyForDeploymentPostprocessing = 0;
		};
		E407A02028C1C67900C5B136 /* Sources */ = {
			isa = PBXSourcesBuildPhase;
			buildActionMask = 2147483647;
			files = (
				E407A02928C1C67900C5B136 /* GitInfoUITests.swift in Sources */,
			);
			runOnlyForDeploymentPostprocessing = 0;
		};
/* End PBXSourcesBuildPhase section */

/* Begin PBXTargetDependency section */
		E407A01B28C1C67900C5B136 /* PBXTargetDependency */ = {
			isa = PBXTargetDependency;
			target = E407A00228C1C67600C5B136 /* GitInfo */;
			targetProxy = E407A01A28C1C67900C5B136 /* PBXContainerItemProxy */;
		};
		E407A02628C1C67900C5B136 /* PBXTargetDependency */ = {
			isa = PBXTargetDependency;
			target = E407A00228C1C67600C5B136 /* GitInfo */;
			targetProxy = E407A02528C1C67900C5B136 /* PBXContainerItemProxy */;
		};
/* End PBXTargetDependency section */

/* Begin PBXVariantGroup section */
		E407A00C28C1C67600C5B136 /* Main.storyboard */ = {
			isa = PBXVariantGroup;
			children = (
				E407A00D28C1C67600C5B136 /* Base */,
			);
			name = Main.storyboard;
			sourceTree = "<group>";
		};
		E407A01128C1C67900C5B136 /* LaunchScreen.storyboard */ = {
			isa = PBXVariantGroup;
			children = (
				E407A01228C1C67900C5B136 /* Base */,
			);
			name = LaunchScreen.storyboard;
			sourceTree = "<group>";
		};
/* End PBXVariantGroup section */

/* Begin XCBuildConfiguration section */
		E407A02B28C1C67900C5B136 /* Debug */ = {
			isa = XCBuildConfiguration;
			buildSettings = {
				ALWAYS_SEARCH_USER_PATHS = NO;
				CLANG_ANALYZER_NONNULL = YES;
				CLANG_ANALYZER_NUMBER_OBJECT_CONVERSION = YES_AGGRESSIVE;
				CLANG_CXX_LANGUAGE_STANDARD = "gnu++14";
				CLANG_CXX_LIBRARY = "libc++";
				CLANG_ENABLE_MODULES = YES;
				CLANG_ENABLE_OBJC_ARC = YES;
				CLANG_ENABLE_OBJC_WEAK = YES;
				CLANG_WARN_BLOCK_CAPTURE_AUTORELEASING = YES;
				CLANG_WARN_BOOL_CONVERSION = YES;
				CLANG_WARN_COMMA = YES;
				CLANG_WARN_CONSTANT_CONVERSION = YES;
				CLANG_WARN_DEPRECATED_OBJC_IMPLEMENTATIONS = YES;
				CLANG_WARN_DIRECT_OBJC_ISA_USAGE = YES_ERROR;
				CLANG_WARN_DOCUMENTATION_COMMENTS = YES;
				CLANG_WARN_EMPTY_BODY = YES;
				CLANG_WARN_ENUM_CONVERSION = YES;
				CLANG_WARN_INFINITE_RECURSION = YES;
				CLANG_WARN_INT_CONVERSION = YES;
				CLANG_WARN_NON_LITERAL_NULL_CONVERSION = YES;
				CLANG_WARN_OBJC_IMPLICIT_RETAIN_SELF = YES;
				CLANG_WARN_OBJC_LITERAL_CONVERSION = YES;
				CLANG_WARN_OBJC_ROOT_CLASS = YES_ERROR;
				CLANG_WARN_QUOTED_INCLUDE_IN_FRAMEWORK_HEADER = YES;
				CLANG_WARN_RANGE_LOOP_ANALYSIS = YES;
				CLANG_WARN_STRICT_PROTOTYPES = YES;
				CLANG_WARN_SUSPICIOUS_MOVE = YES;
				CLANG_WARN_UNGUARDED_AVAILABILITY = YES_AGGRESSIVE;
				CLANG_WARN_UNREACHABLE_CODE = YES;
				CLANG_WARN__DUPLICATE_METHOD_MATCH = YES;
				COPY_PHASE_STRIP = NO;
				DEBUG_INFORMATION_FORMAT = dwarf;
				ENABLE_STRICT_OBJC_MSGSEND = YES;
				ENABLE_TESTABILITY = YES;
				GCC_C_LANGUAGE_STANDARD = gnu11;
				GCC_DYNAMIC_NO_PIC = NO;
				GCC_NO_COMMON_BLOCKS = YES;
				GCC_OPTIMIZATION_LEVEL = 0;
				GCC_PREPROCESSOR_DEFINITIONS = (
					"DEBUG=1",
					"$(inherited)",
				);
				GCC_WARN_64_TO_32_BIT_CONVERSION = YES;
				GCC_WARN_ABOUT_RETURN_TYPE = YES_ERROR;
				GCC_WARN_UNDECLARED_SELECTOR = YES;
				GCC_WARN_UNINITIALIZED_AUTOS = YES_AGGRESSIVE;
				GCC_WARN_UNUSED_FUNCTION = YES;
				GCC_WARN_UNUSED_VARIABLE = YES;
				IPHONEOS_DEPLOYMENT_TARGET = 14.4;
				MTL_ENABLE_DEBUG_INFO = INCLUDE_SOURCE;
				MTL_FAST_MATH = YES;
				ONLY_ACTIVE_ARCH = YES;
				SDKROOT = iphoneos;
				SWIFT_ACTIVE_COMPILATION_CONDITIONS = DEBUG;
				SWIFT_OPTIMIZATION_LEVEL = "-Onone";
			};
			name = Debug;
		};
		E407A02C28C1C67900C5B136 /* Release */ = {
			isa = XCBuildConfiguration;
			buildSettings = {
				ALWAYS_SEARCH_USER_PATHS = NO;
				CLANG_ANALYZER_NONNULL = YES;
				CLANG_ANALYZER_NUMBER_OBJECT_CONVERSION = YES_AGGRESSIVE;
				CLANG_CXX_LANGUAGE_STANDARD = "gnu++14";
				CLANG_CXX_LIBRARY = "libc++";
				CLANG_ENABLE_MODULES = YES;
				CLANG_ENABLE_OBJC_ARC = YES;
				CLANG_ENABLE_OBJC_WEAK = YES;
				CLANG_WARN_BLOCK_CAPTURE_AUTORELEASING = YES;
				CLANG_WARN_BOOL_CONVERSION = YES;
				CLANG_WARN_COMMA = YES;
				CLANG_WARN_CONSTANT_CONVERSION = YES;
				CLANG_WARN_DEPRECATED_OBJC_IMPLEMENTATIONS = YES;
				CLANG_WARN_DIRECT_OBJC_ISA_USAGE = YES_ERROR;
				CLANG_WARN_DOCUMENTATION_COMMENTS = YES;
				CLANG_WARN_EMPTY_BODY = YES;
				CLANG_WARN_ENUM_CONVERSION = YES;
				CLANG_WARN_INFINITE_RECURSION = YES;
				CLANG_WARN_INT_CONVERSION = YES;
				CLANG_WARN_NON_LITERAL_NULL_CONVERSION = YES;
				CLANG_WARN_OBJC_IMPLICIT_RETAIN_SELF = YES;
				CLANG_WARN_OBJC_LITERAL_CONVERSION = YES;
				CLANG_WARN_OBJC_ROOT_CLASS = YES_ERROR;
				CLANG_WARN_QUOTED_INCLUDE_IN_FRAMEWORK_HEADER = YES;
				CLANG_WARN_RANGE_LOOP_ANALYSIS = YES;
				CLANG_WARN_STRICT_PROTOTYPES = YES;
				CLANG_WARN_SUSPICIOUS_MOVE = YES;
				CLANG_WARN_UNGUARDED_AVAILABILITY = YES_AGGRESSIVE;
				CLANG_WARN_UNREACHABLE_CODE = YES;
				CLANG_WARN__DUPLICATE_METHOD_MATCH = YES;
				COPY_PHASE_STRIP = NO;
				DEBUG_INFORMATION_FORMAT = "dwarf-with-dsym";
				ENABLE_NS_ASSERTIONS = NO;
				ENABLE_STRICT_OBJC_MSGSEND = YES;
				GCC_C_LANGUAGE_STANDARD = gnu11;
				GCC_NO_COMMON_BLOCKS = YES;
				GCC_WARN_64_TO_32_BIT_CONVERSION = YES;
				GCC_WARN_ABOUT_RETURN_TYPE = YES_ERROR;
				GCC_WARN_UNDECLARED_SELECTOR = YES;
				GCC_WARN_UNINITIALIZED_AUTOS = YES_AGGRESSIVE;
				GCC_WARN_UNUSED_FUNCTION = YES;
				GCC_WARN_UNUSED_VARIABLE = YES;
				IPHONEOS_DEPLOYMENT_TARGET = 14.4;
				MTL_ENABLE_DEBUG_INFO = NO;
				MTL_FAST_MATH = YES;
				SDKROOT = iphoneos;
				SWIFT_COMPILATION_MODE = wholemodule;
				SWIFT_OPTIMIZATION_LEVEL = "-O";
				VALIDATE_PRODUCT = YES;
			};
			name = Release;
		};
		E407A02E28C1C67900C5B136 /* Debug */ = {
			isa = XCBuildConfiguration;
			buildSettings = {
				ASSETCATALOG_COMPILER_APPICON_NAME = AppIcon;
				ASSETCATALOG_COMPILER_GLOBAL_ACCENT_COLOR_NAME = AccentColor;
				CODE_SIGN_STYLE = Automatic;
				INFOPLIST_FILE = GitInfo/Info.plist;
				LD_RUNPATH_SEARCH_PATHS = (
					"$(inherited)",
					"@executable_path/Frameworks",
				);
				PRODUCT_BUNDLE_IDENTIFIER = com.demoProject.GitInfo;
				PRODUCT_NAME = "$(TARGET_NAME)";
				SWIFT_VERSION = 5.0;
				TARGETED_DEVICE_FAMILY = "1,2";
			};
			name = Debug;
		};
		E407A02F28C1C67900C5B136 /* Release */ = {
			isa = XCBuildConfiguration;
			buildSettings = {
				ASSETCATALOG_COMPILER_APPICON_NAME = AppIcon;
				ASSETCATALOG_COMPILER_GLOBAL_ACCENT_COLOR_NAME = AccentColor;
				CODE_SIGN_STYLE = Automatic;
				INFOPLIST_FILE = GitInfo/Info.plist;
				LD_RUNPATH_SEARCH_PATHS = (
					"$(inherited)",
					"@executable_path/Frameworks",
				);
				PRODUCT_BUNDLE_IDENTIFIER = com.demoProject.GitInfo;
				PRODUCT_NAME = "$(TARGET_NAME)";
				SWIFT_VERSION = 5.0;
				TARGETED_DEVICE_FAMILY = "1,2";
			};
			name = Release;
		};
		E407A03128C1C67900C5B136 /* Debug */ = {
			isa = XCBuildConfiguration;
			buildSettings = {
				ALWAYS_EMBED_SWIFT_STANDARD_LIBRARIES = YES;
				BUNDLE_LOADER = "$(TEST_HOST)";
				CODE_SIGN_STYLE = Automatic;
				INFOPLIST_FILE = GitInfoTests/Info.plist;
				IPHONEOS_DEPLOYMENT_TARGET = 14.4;
				LD_RUNPATH_SEARCH_PATHS = (
					"$(inherited)",
					"@executable_path/Frameworks",
					"@loader_path/Frameworks",
				);
				PRODUCT_BUNDLE_IDENTIFIER = com.demoProject.GitInfoTests;
				PRODUCT_NAME = "$(TARGET_NAME)";
				SWIFT_VERSION = 5.0;
				TARGETED_DEVICE_FAMILY = "1,2";
				TEST_HOST = "$(BUILT_PRODUCTS_DIR)/GitInfo.app/GitInfo";
			};
			name = Debug;
		};
		E407A03228C1C67900C5B136 /* Release */ = {
			isa = XCBuildConfiguration;
			buildSettings = {
				ALWAYS_EMBED_SWIFT_STANDARD_LIBRARIES = YES;
				BUNDLE_LOADER = "$(TEST_HOST)";
				CODE_SIGN_STYLE = Automatic;
				INFOPLIST_FILE = GitInfoTests/Info.plist;
				IPHONEOS_DEPLOYMENT_TARGET = 14.4;
				LD_RUNPATH_SEARCH_PATHS = (
					"$(inherited)",
					"@executable_path/Frameworks",
					"@loader_path/Frameworks",
				);
				PRODUCT_BUNDLE_IDENTIFIER = com.demoProject.GitInfoTests;
				PRODUCT_NAME = "$(TARGET_NAME)";
				SWIFT_VERSION = 5.0;
				TARGETED_DEVICE_FAMILY = "1,2";
				TEST_HOST = "$(BUILT_PRODUCTS_DIR)/GitInfo.app/GitInfo";
			};
			name = Release;
		};
		E407A03428C1C67900C5B136 /* Debug */ = {
			isa = XCBuildConfiguration;
			buildSettings = {
				ALWAYS_EMBED_SWIFT_STANDARD_LIBRARIES = YES;
				CODE_SIGN_STYLE = Automatic;
				INFOPLIST_FILE = GitInfoUITests/Info.plist;
				LD_RUNPATH_SEARCH_PATHS = (
					"$(inherited)",
					"@executable_path/Frameworks",
					"@loader_path/Frameworks",
				);
				PRODUCT_BUNDLE_IDENTIFIER = com.demoProject.GitInfoUITests;
				PRODUCT_NAME = "$(TARGET_NAME)";
				SWIFT_VERSION = 5.0;
				TARGETED_DEVICE_FAMILY = "1,2";
				TEST_TARGET_NAME = GitInfo;
			};
			name = Debug;
		};
		E407A03528C1C67900C5B136 /* Release */ = {
			isa = XCBuildConfiguration;
			buildSettings = {
				ALWAYS_EMBED_SWIFT_STANDARD_LIBRARIES = YES;
				CODE_SIGN_STYLE = Automatic;
				INFOPLIST_FILE = GitInfoUITests/Info.plist;
				LD_RUNPATH_SEARCH_PATHS = (
					"$(inherited)",
					"@executable_path/Frameworks",
					"@loader_path/Frameworks",
				);
				PRODUCT_BUNDLE_IDENTIFIER = com.demoProject.GitInfoUITests;
				PRODUCT_NAME = "$(TARGET_NAME)";
				SWIFT_VERSION = 5.0;
				TARGETED_DEVICE_FAMILY = "1,2";
				TEST_TARGET_NAME = GitInfo;
			};
			name = Release;
		};
/* End XCBuildConfiguration section */

/* Begin XCConfigurationList section */
		E4079FFE28C1C67600C5B136 /* Build configuration list for PBXProject "GitInfo" */ = {
			isa = XCConfigurationList;
			buildConfigurations = (
				E407A02B28C1C67900C5B136 /* Debug */,
				E407A02C28C1C67900C5B136 /* Release */,
			);
			defaultConfigurationIsVisible = 0;
			defaultConfigurationName = Release;
		};
		E407A02D28C1C67900C5B136 /* Build configuration list for PBXNativeTarget "GitInfo" */ = {
			isa = XCConfigurationList;
			buildConfigurations = (
				E407A02E28C1C67900C5B136 /* Debug */,
				E407A02F28C1C67900C5B136 /* Release */,
			);
			defaultConfigurationIsVisible = 0;
			defaultConfigurationName = Release;
		};
		E407A03028C1C67900C5B136 /* Build configuration list for PBXNativeTarget "GitInfoTests" */ = {
			isa = XCConfigurationList;
			buildConfigurations = (
				E407A03128C1C67900C5B136 /* Debug */,
				E407A03228C1C67900C5B136 /* Release */,
			);
			defaultConfigurationIsVisible = 0;
			defaultConfigurationName = Release;
		};
		E407A03328C1C67900C5B136 /* Build configuration list for PBXNativeTarget "GitInfoUITests" */ = {
			isa = XCConfigurationList;
			buildConfigurations = (
				E407A03428C1C67900C5B136 /* Debug */,
				E407A03528C1C67900C5B136 /* Release */,
			);
			defaultConfigurationIsVisible = 0;
			defaultConfigurationName = Release;
		};
/* End XCConfigurationList section */
	};
	rootObject = E4079FFB28C1C67600C5B136 /* Project object */;
}
